
Microsoft Visual Studio Solution File, Format Version 12.00
# Visual Studio Version 18
VisualStudioVersion = 18.3.11520.95
MinimumVisualStudioVersion = 10.0.40219.1
Project("{FAE04EC0-301F-11D3-BF4B-00C04F79EFBC}") = "Nfe.Paulistana", "src\Nfe.Paulistana.csproj", "{E7124EBF-D8F7-4E6C-8977-69B9D6746605}"
EndProject
Project("{FAE04EC0-301F-11D3-BF4B-00C04F79EFBC}") = "Nfe.Paulistana.Tests", "tests\Nfe.Paulistana.Tests.csproj", "{0123C0DD-9ECA-4027-9E97-D6CB42ABAE25}"
EndProject
Project("{FAE04EC0-301F-11D3-BF4B-00C04F79EFBC}") = "Nfe.Paulistana.Integration.Sample", "samples\Nfe.Paulistana.Integration.Sample.csproj", "{D4D24E1F-D139-5526-5FE7-E26D1CB6D82A}"
EndProject
Project("{2150E333-8FDC-42A3-9474-1A3956D46DE8}") = "src", "src", "{B7A67BF5-0CB7-4626-A530-A8A039C425A7}"
EndProject
Project("{2150E333-8FDC-42A3-9474-1A3956D46DE8}") = "tests", "tests", "{2819323A-D743-4523-8789-D83D9FCD6E65}"
EndProject
Project("{2150E333-8FDC-42A3-9474-1A3956D46DE8}") = "samples", "samples", "{AF3F0C36-9580-4369-AD47-726543E46E47}"
EndProject
Project("{2150E333-8FDC-42A3-9474-1A3956D46DE8}") = "Solution Items", "Solution Items", "{23095941-C56B-44F2-9D6B-F9554B5E44A8}"
	ProjectSection(SolutionItems) = preProject
		.editorconfig = .editorconfig
		.gitignore = .gitignore
		.github\copilot-instructions.md = .github\copilot-instructions.md
		Directory.Build.props = Directory.Build.props
		docfx.json = docfx.json
		index.md = index.md
		LICENSE = LICENSE
		Nfe.Paulistana.ico = Nfe.Paulistana.ico
		Nfe.Paulistana.png = Nfe.Paulistana.png
		README.md = README.md
		toc.yml = toc.yml
	EndProjectSection
EndProject
Project("{2150E333-8FDC-42A3-9474-1A3956D46DE8}") = "benchmarks", "benchmarks", "{66320409-64EC-F7C5-3DEF-65E7510DAAD1}"
EndProject
Project("{FAE04EC0-301F-11D3-BF4B-00C04F79EFBC}") = "Nfe.Paulistana.Benchmarks", "benchmarks\Nfe.Paulistana.Benchmarks\Nfe.Paulistana.Benchmarks.csproj", "{3477C2C8-976B-4686-BB29-2D401441D8B0}"
EndProject
Project("{2150E333-8FDC-42A3-9474-1A3956D46DE8}") = "api", "api", "{1218DFD4-7BFF-4741-A0C9-DC41DBB63F8A}"
	ProjectSection(SolutionItems) = preProject
		api\index.md = api\index.md
	EndProjectSection
EndProject
Project("{2150E333-8FDC-42A3-9474-1A3956D46DE8}") = "docs", "docs", "{ADF3389C-3392-4D0B-AFCC-A5377F44CA8F}"
	ProjectSection(SolutionItems) = preProject
		docs\index.md = docs\index.md
		docs\toc.yml = docs\toc.yml
	EndProjectSection
EndProject
Project("{2150E333-8FDC-42A3-9474-1A3956D46DE8}") = "adr", "adr", "{56CFC54A-9F00-4BCD-B4A8-3700715482FB}"
	ProjectSection(SolutionItems) = preProject
		docs\adr\0001-convenção-de-nomenclatura.md = docs\adr\0001-convenção-de-nomenclatura.md
		docs\adr\0002-value-objects-tipagem-forte.md = docs\adr\0002-value-objects-tipagem-forte.md
		docs\adr\0003-suporte-dual-v1-v2.md = docs\adr\0003-suporte-dual-v1-v2.md
		docs\adr\0004-assinatura-digital-e-validacao-xsd.md = docs\adr\0004-assinatura-digital-e-validacao-xsd.md
	EndProjectSection
EndProject
Project("{2150E333-8FDC-42A3-9474-1A3956D46DE8}") = "samples", "samples", "{15E1C333-06B3-45E2-977A-6FC74229BCC9}"
	ProjectSection(SolutionItems) = preProject
		docs\samples\como-adicionar-uma-acao.md = docs\samples\como-adicionar-uma-acao.md
		docs\samples\configuracao.md = docs\samples\configuracao.md
		docs\samples\troubleshooting.md = docs\samples\troubleshooting.md
	EndProjectSection
EndProject
Global
	GlobalSection(SolutionConfigurationPlatforms) = preSolution
		Debug|Any CPU = Debug|Any CPU
		Debug|x64 = Debug|x64
		Debug|x86 = Debug|x86
		Release|Any CPU = Release|Any CPU
		Release|x64 = Release|x64
		Release|x86 = Release|x86
	EndGlobalSection
	GlobalSection(ProjectConfigurationPlatforms) = postSolution
		{E7124EBF-D8F7-4E6C-8977-69B9D6746605}.Debug|Any CPU.ActiveCfg = Debug|Any CPU
		{E7124EBF-D8F7-4E6C-8977-69B9D6746605}.Debug|Any CPU.Build.0 = Debug|Any CPU
		{E7124EBF-D8F7-4E6C-8977-69B9D6746605}.Debug|x64.ActiveCfg = Debug|Any CPU
		{E7124EBF-D8F7-4E6C-8977-69B9D6746605}.Debug|x64.Build.0 = Debug|Any CPU
		{E7124EBF-D8F7-4E6C-8977-69B9D6746605}.Debug|x86.ActiveCfg = Debug|Any CPU
		{E7124EBF-D8F7-4E6C-8977-69B9D6746605}.Debug|x86.Build.0 = Debug|Any CPU
		{E7124EBF-D8F7-4E6C-8977-69B9D6746605}.Release|Any CPU.ActiveCfg = Release|Any CPU
		{E7124EBF-D8F7-4E6C-8977-69B9D6746605}.Release|Any CPU.Build.0 = Release|Any CPU
		{E7124EBF-D8F7-4E6C-8977-69B9D6746605}.Release|x64.ActiveCfg = Release|Any CPU
		{E7124EBF-D8F7-4E6C-8977-69B9D6746605}.Release|x64.Build.0 = Release|Any CPU
		{E7124EBF-D8F7-4E6C-8977-69B9D6746605}.Release|x86.ActiveCfg = Release|Any CPU
		{E7124EBF-D8F7-4E6C-8977-69B9D6746605}.Release|x86.Build.0 = Release|Any CPU
		{0123C0DD-9ECA-4027-9E97-D6CB42ABAE25}.Debug|Any CPU.ActiveCfg = Debug|Any CPU
		{0123C0DD-9ECA-4027-9E97-D6CB42ABAE25}.Debug|Any CPU.Build.0 = Debug|Any CPU
		{0123C0DD-9ECA-4027-9E97-D6CB42ABAE25}.Debug|x64.ActiveCfg = Debug|Any CPU
		{0123C0DD-9ECA-4027-9E97-D6CB42ABAE25}.Debug|x64.Build.0 = Debug|Any CPU
		{0123C0DD-9ECA-4027-9E97-D6CB42ABAE25}.Debug|x86.ActiveCfg = Debug|Any CPU
		{0123C0DD-9ECA-4027-9E97-D6CB42ABAE25}.Debug|x86.Build.0 = Debug|Any CPU
		{0123C0DD-9ECA-4027-9E97-D6CB42ABAE25}.Release|Any CPU.ActiveCfg = Release|Any CPU
		{0123C0DD-9ECA-4027-9E97-D6CB42ABAE25}.Release|Any CPU.Build.0 = Release|Any CPU
		{0123C0DD-9ECA-4027-9E97-D6CB42ABAE25}.Release|x64.ActiveCfg = Release|Any CPU
		{0123C0DD-9ECA-4027-9E97-D6CB42ABAE25}.Release|x64.Build.0 = Release|Any CPU
		{0123C0DD-9ECA-4027-9E97-D6CB42ABAE25}.Release|x86.ActiveCfg = Release|Any CPU
		{0123C0DD-9ECA-4027-9E97-D6CB42ABAE25}.Release|x86.Build.0 = Release|Any CPU
		{D4D24E1F-D139-5526-5FE7-E26D1CB6D82A}.Debug|Any CPU.ActiveCfg = Debug|Any CPU
		{D4D24E1F-D139-5526-5FE7-E26D1CB6D82A}.Debug|Any CPU.Build.0 = Debug|Any CPU
		{D4D24E1F-D139-5526-5FE7-E26D1CB6D82A}.Debug|x64.ActiveCfg = Debug|Any CPU
		{D4D24E1F-D139-5526-5FE7-E26D1CB6D82A}.Debug|x64.Build.0 = Debug|Any CPU
		{D4D24E1F-D139-5526-5FE7-E26D1CB6D82A}.Debug|x86.ActiveCfg = Debug|Any CPU
		{D4D24E1F-D139-5526-5FE7-E26D1CB6D82A}.Debug|x86.Build.0 = Debug|Any CPU
		{D4D24E1F-D139-5526-5FE7-E26D1CB6D82A}.Release|Any CPU.ActiveCfg = Release|Any CPU
		{D4D24E1F-D139-5526-5FE7-E26D1CB6D82A}.Release|Any CPU.Build.0 = Release|Any CPU
		{D4D24E1F-D139-5526-5FE7-E26D1CB6D82A}.Release|x64.ActiveCfg = Release|Any CPU
		{D4D24E1F-D139-5526-5FE7-E26D1CB6D82A}.Release|x64.Build.0 = Release|Any CPU
		{D4D24E1F-D139-5526-5FE7-E26D1CB6D82A}.Release|x86.ActiveCfg = Release|Any CPU
		{D4D24E1F-D139-5526-5FE7-E26D1CB6D82A}.Release|x86.Build.0 = Release|Any CPU
		{3477C2C8-976B-4686-BB29-2D401441D8B0}.Debug|Any CPU.ActiveCfg = Release|Any CPU
		{3477C2C8-976B-4686-BB29-2D401441D8B0}.Debug|Any CPU.Build.0 = Release|Any CPU
		{3477C2C8-976B-4686-BB29-2D401441D8B0}.Debug|x64.ActiveCfg = Release|Any CPU
		{3477C2C8-976B-4686-BB29-2D401441D8B0}.Debug|x64.Build.0 = Release|Any CPU
		{3477C2C8-976B-4686-BB29-2D401441D8B0}.Debug|x86.ActiveCfg = Release|Any CPU
		{3477C2C8-976B-4686-BB29-2D401441D8B0}.Debug|x86.Build.0 = Release|Any CPU
		{3477C2C8-976B-4686-BB29-2D401441D8B0}.Release|Any CPU.ActiveCfg = Release|Any CPU
		{3477C2C8-976B-4686-BB29-2D401441D8B0}.Release|Any CPU.Build.0 = Release|Any CPU
		{3477C2C8-976B-4686-BB29-2D401441D8B0}.Release|x64.ActiveCfg = Release|Any CPU
		{3477C2C8-976B-4686-BB29-2D401441D8B0}.Release|x64.Build.0 = Release|Any CPU
		{3477C2C8-976B-4686-BB29-2D401441D8B0}.Release|x86.ActiveCfg = Release|Any CPU
		{3477C2C8-976B-4686-BB29-2D401441D8B0}.Release|x86.Build.0 = Release|Any CPU
	EndGlobalSection
	GlobalSection(SolutionProperties) = preSolution
		HideSolutionNode = FALSE
	EndGlobalSection
	GlobalSection(NestedProjects) = preSolution
		{E7124EBF-D8F7-4E6C-8977-69B9D6746605} = {B7A67BF5-0CB7-4626-A530-A8A039C425A7}
		{0123C0DD-9ECA-4027-9E97-D6CB42ABAE25} = {2819323A-D743-4523-8789-D83D9FCD6E65}
		{D4D24E1F-D139-5526-5FE7-E26D1CB6D82A} = {AF3F0C36-9580-4369-AD47-726543E46E47}
		{3477C2C8-976B-4686-BB29-2D401441D8B0} = {66320409-64EC-F7C5-3DEF-65E7510DAAD1}
		{56CFC54A-9F00-4BCD-B4A8-3700715482FB} = {ADF3389C-3392-4D0B-AFCC-A5377F44CA8F}
		{15E1C333-06B3-45E2-977A-6FC74229BCC9} = {ADF3389C-3392-4D0B-AFCC-A5377F44CA8F}
	EndGlobalSection
	GlobalSection(ExtensibilityGlobals) = postSolution
		SolutionGuid = {FF28D7B0-AFA8-4B57-8991-2689863DF435}
	EndGlobalSection
EndGlobal
